
Microsoft Visual Studio Solution File, Format Version 12.00
# Visual Studio Version 16
VisualStudioVersion = 16.0.35325.158
MinimumVisualStudioVersion = 10.0.40219.1
Project("{FAE04EC0-301F-11D3-BF4B-00C04F79EFBC}") = "MVC.Demo.Identity", "MVC.Demo.Identity\MVC.Demo.Identity.csproj", "{1326EE75-F1A9-4D8A-91DC-4966691E1986}"
EndProject
Global
	GlobalSection(SolutionConfigurationPlatforms) = preSolution
		Debug|Any CPU = Debug|Any CPU
		Release|Any CPU = Release|Any CPU
	EndGlobalSection
	GlobalSection(ProjectConfigurationPlatforms) = postSolution
		{1326EE75-F1A9-4D8A-91DC-4966691E1986}.Debug|Any CPU.ActiveCfg = Debug|Any CPU
		{1326EE75-F1A9-4D8A-91DC-4966691E1986}.Debug|Any CPU.Build.0 = Debug|Any CPU
		{1326EE75-F1A9-4D8A-91DC-4966691E1986}.Release|Any CPU.ActiveCfg = Release|Any CPU
		{1326EE75-F1A9-4D8A-91DC-4966691E1986}.Release|Any CPU.Build.0 = Release|Any CPU
	EndGlobalSection
	GlobalSection(SolutionProperties) = preSolution
		HideSolutionNode = FALSE
	EndGlobalSection
	GlobalSection(ExtensibilityGlobals) = postSolution
		SolutionGuid = {4D897A19-0586-415E-8555-80D7A28AABE5}
	EndGlobalSection
EndGlobal
